{
  "requires": true,
  "lockfileVersion": 1,
  "dependencies": {
    "wheel": {
      "version": "1.0.0",
      "resolved": "https://registry.npmjs.org/wheel/-/wheel-1.0.0.tgz",
      "integrity": "sha512-XiCMHibOiqalCQ+BaNSwRoZ9FDTAvOsXxGHXChBugewDj7HC8VBIER71dEOiRH1fSdLbRCQzngKTSiZ06ZQzeA=="
    }
  }
}
